
Microsoft Visual Studio Solution File, Format Version 12.00
# Visual Studio Version 16
VisualStudioVersion = 16.0.30503.244
MinimumVisualStudioVersion = 10.0.40219.1
Project("{FAE04EC0-301F-11D3-BF4B-00C04F79EFBC}") = "ZettaWebServices.WebAPI", "ZettaWebServices.WebAPI\ZettaWebServices.WebAPI.csproj", "{DAE1F53E-E288-4EB5-B652-87A086F19D2B}"
EndProject
Project("{FAE04EC0-301F-11D3-BF4B-00C04F79EFBC}") = "ZettaWebServices.Repository", "ZettaWebServices.Repository\ZettaWebServices.Repository.csproj", "{3994AB50-8C30-40C6-BC3C-065719D675FE}"
EndProject
Project("{FAE04EC0-301F-11D3-BF4B-00C04F79EFBC}") = "ZettaWebServices.Utility", "ZettaWebServices.Utility\ZettaWebServices.Utility.csproj", "{92882CF6-9CE7-4CE3-B634-B10173FA145F}"
EndProject
Project("{FAE04EC0-301F-11D3-BF4B-00C04F79EFBC}") = "ZettaWebServices.Services", "ZettaWebServices.Services\ZettaWebServices.Services.csproj", "{C562C25F-82CD-4423-9778-78E01EA6A1A0}"
EndProject
Project("{FAE04EC0-301F-11D3-BF4B-00C04F79EFBC}") = "ZettaWebServices.Models", "ZettaWebServices.Models\ZettaWebServices.Models.csproj", "{B5919379-B940-4004-8101-B4C0E7CCD1D3}"
EndProject
Global
	GlobalSection(SolutionConfigurationPlatforms) = preSolution
		Debug|Any CPU = Debug|Any CPU
		Release|Any CPU = Release|Any CPU
	EndGlobalSection
	GlobalSection(ProjectConfigurationPlatforms) = postSolution
		{DAE1F53E-E288-4EB5-B652-87A086F19D2B}.Debug|Any CPU.ActiveCfg = Debug|Any CPU
		{DAE1F53E-E288-4EB5-B652-87A086F19D2B}.Debug|Any CPU.Build.0 = Debug|Any CPU
		{DAE1F53E-E288-4EB5-B652-87A086F19D2B}.Release|Any CPU.ActiveCfg = Release|Any CPU
		{DAE1F53E-E288-4EB5-B652-87A086F19D2B}.Release|Any CPU.Build.0 = Release|Any CPU
		{3994AB50-8C30-40C6-BC3C-065719D675FE}.Debug|Any CPU.ActiveCfg = Debug|Any CPU
		{3994AB50-8C30-40C6-BC3C-065719D675FE}.Debug|Any CPU.Build.0 = Debug|Any CPU
		{3994AB50-8C30-40C6-BC3C-065719D675FE}.Release|Any CPU.ActiveCfg = Release|Any CPU
		{3994AB50-8C30-40C6-BC3C-065719D675FE}.Release|Any CPU.Build.0 = Release|Any CPU
		{92882CF6-9CE7-4CE3-B634-B10173FA145F}.Debug|Any CPU.ActiveCfg = Debug|Any CPU
		{92882CF6-9CE7-4CE3-B634-B10173FA145F}.Debug|Any CPU.Build.0 = Debug|Any CPU
		{92882CF6-9CE7-4CE3-B634-B10173FA145F}.Release|Any CPU.ActiveCfg = Release|Any CPU
		{92882CF6-9CE7-4CE3-B634-B10173FA145F}.Release|Any CPU.Build.0 = Release|Any CPU
		{C562C25F-82CD-4423-9778-78E01EA6A1A0}.Debug|Any CPU.ActiveCfg = Debug|Any CPU
		{C562C25F-82CD-4423-9778-78E01EA6A1A0}.Debug|Any CPU.Build.0 = Debug|Any CPU
		{C562C25F-82CD-4423-9778-78E01EA6A1A0}.Release|Any CPU.ActiveCfg = Release|Any CPU
		{C562C25F-82CD-4423-9778-78E01EA6A1A0}.Release|Any CPU.Build.0 = Release|Any CPU
		{B5919379-B940-4004-8101-B4C0E7CCD1D3}.Debug|Any CPU.ActiveCfg = Debug|Any CPU
		{B5919379-B940-4004-8101-B4C0E7CCD1D3}.Debug|Any CPU.Build.0 = Debug|Any CPU
		{B5919379-B940-4004-8101-B4C0E7CCD1D3}.Release|Any CPU.ActiveCfg = Release|Any CPU
		{B5919379-B940-4004-8101-B4C0E7CCD1D3}.Release|Any CPU.Build.0 = Release|Any CPU
	EndGlobalSection
	GlobalSection(SolutionProperties) = preSolution
		HideSolutionNode = FALSE
	EndGlobalSection
	GlobalSection(ExtensibilityGlobals) = postSolution
		SolutionGuid = {584C6676-923A-429E-82DE-7417DFCAB276}
	EndGlobalSection
EndGlobal
